
Microsoft Visual Studio Solution File, Format Version 12.00
# Visual Studio Version 17
VisualStudioVersion = 17.7.34009.444
MinimumVisualStudioVersion = 10.0.40219.1
Project("{FAE04EC0-301F-11D3-BF4B-00C04F79EFBC}") = "TPWinForm_equipo-27", "TPWinForm_equipo-27\TPWinForm_equipo-27.csproj", "{3A323E4D-6F4D-4259-BBEA-42A9108BCD70}"
EndProject
Project("{FAE04EC0-301F-11D3-BF4B-00C04F79EFBC}") = "dominio", "Domain\dominio.csproj", "{3AD7FDCB-CE14-40E8-8DDB-DDDCB9EE211C}"
EndProject
Project("{FAE04EC0-301F-11D3-BF4B-00C04F79EFBC}") = "negocio", "negocio\negocio.csproj", "{8642B27D-AD5A-4092-9B0F-5C0E251088B1}"
EndProject
Global
	GlobalSection(SolutionConfigurationPlatforms) = preSolution
		Debug|Any CPU = Debug|Any CPU
		Release|Any CPU = Release|Any CPU
	EndGlobalSection
	GlobalSection(ProjectConfigurationPlatforms) = postSolution
		{3A323E4D-6F4D-4259-BBEA-42A9108BCD70}.Debug|Any CPU.ActiveCfg = Debug|Any CPU
		{3A323E4D-6F4D-4259-BBEA-42A9108BCD70}.Debug|Any CPU.Build.0 = Debug|Any CPU
		{3A323E4D-6F4D-4259-BBEA-42A9108BCD70}.Release|Any CPU.ActiveCfg = Release|Any CPU
		{3A323E4D-6F4D-4259-BBEA-42A9108BCD70}.Release|Any CPU.Build.0 = Release|Any CPU
		{3AD7FDCB-CE14-40E8-8DDB-DDDCB9EE211C}.Debug|Any CPU.ActiveCfg = Debug|Any CPU
		{3AD7FDCB-CE14-40E8-8DDB-DDDCB9EE211C}.Debug|Any CPU.Build.0 = Debug|Any CPU
		{3AD7FDCB-CE14-40E8-8DDB-DDDCB9EE211C}.Release|Any CPU.ActiveCfg = Release|Any CPU
		{3AD7FDCB-CE14-40E8-8DDB-DDDCB9EE211C}.Release|Any CPU.Build.0 = Release|Any CPU
		{8642B27D-AD5A-4092-9B0F-5C0E251088B1}.Debug|Any CPU.ActiveCfg = Debug|Any CPU
		{8642B27D-AD5A-4092-9B0F-5C0E251088B1}.Debug|Any CPU.Build.0 = Debug|Any CPU
		{8642B27D-AD5A-4092-9B0F-5C0E251088B1}.Release|Any CPU.ActiveCfg = Release|Any CPU
		{8642B27D-AD5A-4092-9B0F-5C0E251088B1}.Release|Any CPU.Build.0 = Release|Any CPU
	EndGlobalSection
	GlobalSection(SolutionProperties) = preSolution
		HideSolutionNode = FALSE
	EndGlobalSection
	GlobalSection(ExtensibilityGlobals) = postSolution
		SolutionGuid = {40E0D888-44C9-45AA-93D5-674CE5CB9B5E}
	EndGlobalSection
EndGlobal
